
Microsoft Visual Studio Solution File, Format Version 12.00
# Visual Studio Version 17
VisualStudioVersion = 17.8.34330.188
MinimumVisualStudioVersion = 10.0.40219.1
Project("{FAE04EC0-301F-11D3-BF4B-00C04F79EFBC}") = "Craftbox", "Craftbox.csproj", "{79F05929-5B47-43AA-A3EC-BA5D8CED71E1}"
EndProject
Global
	GlobalSection(SolutionConfigurationPlatforms) = preSolution
		Debug|Any CPU = Debug|Any CPU
		Release|Any CPU = Release|Any CPU
	EndGlobalSection
	GlobalSection(ProjectConfigurationPlatforms) = postSolution
		{79F05929-5B47-43AA-A3EC-BA5D8CED71E1}.Debug|Any CPU.ActiveCfg = Debug|Any CPU
		{79F05929-5B47-43AA-A3EC-BA5D8CED71E1}.Debug|Any CPU.Build.0 = Debug|Any CPU
		{79F05929-5B47-43AA-A3EC-BA5D8CED71E1}.Release|Any CPU.ActiveCfg = Release|Any CPU
		{79F05929-5B47-43AA-A3EC-BA5D8CED71E1}.Release|Any CPU.Build.0 = Release|Any CPU
	EndGlobalSection
	GlobalSection(SolutionProperties) = preSolution
		HideSolutionNode = FALSE
	EndGlobalSection
	GlobalSection(ExtensibilityGlobals) = postSolution
		SolutionGuid = {BEB11C61-9C51-4E5D-B808-F0EE7E61DDA5}
	EndGlobalSection
EndGlobal
